
Microsoft Visual Studio Solution File, Format Version 12.00
# Visual Studio Version 16
VisualStudioVersion = 16.0.31613.86
MinimumVisualStudioVersion = 10.0.40219.1
Project("{9A19103F-16F7-4668-BE54-9A1E7A4F7556}") = "UnixConsole", "UnixConsole\UnixConsole.csproj", "{4F5ABC4B-26BF-4945-87EF-2E5798318E2E}"
EndProject
Project("{9A19103F-16F7-4668-BE54-9A1E7A4F7556}") = "UnixConsoleTest", "UnixConsoleTest\UnixConsoleTest.csproj", "{3844F256-7417-470D-96DD-B03415174716}"
EndProject
Project("{2150E333-8FDC-42A3-9474-1A3956D46DE8}") = "Solution Items", "Solution Items", "{3DD5F3A1-AC92-40EF-8FAA-304138527D6B}"
	ProjectSection(SolutionItems) = preProject
		errorMessages.txt = errorMessages.txt
	EndProjectSection
EndProject
Global
	GlobalSection(SolutionConfigurationPlatforms) = preSolution
		Debug|Any CPU = Debug|Any CPU
		Release|Any CPU = Release|Any CPU
	EndGlobalSection
	GlobalSection(ProjectConfigurationPlatforms) = postSolution
		{4F5ABC4B-26BF-4945-87EF-2E5798318E2E}.Debug|Any CPU.ActiveCfg = Debug|Any CPU
		{4F5ABC4B-26BF-4945-87EF-2E5798318E2E}.Debug|Any CPU.Build.0 = Debug|Any CPU
		{4F5ABC4B-26BF-4945-87EF-2E5798318E2E}.Release|Any CPU.ActiveCfg = Release|Any CPU
		{4F5ABC4B-26BF-4945-87EF-2E5798318E2E}.Release|Any CPU.Build.0 = Release|Any CPU
		{3844F256-7417-470D-96DD-B03415174716}.Debug|Any CPU.ActiveCfg = Debug|Any CPU
		{3844F256-7417-470D-96DD-B03415174716}.Debug|Any CPU.Build.0 = Debug|Any CPU
		{3844F256-7417-470D-96DD-B03415174716}.Release|Any CPU.ActiveCfg = Release|Any CPU
		{3844F256-7417-470D-96DD-B03415174716}.Release|Any CPU.Build.0 = Release|Any CPU
	EndGlobalSection
	GlobalSection(SolutionProperties) = preSolution
		HideSolutionNode = FALSE
	EndGlobalSection
	GlobalSection(ExtensibilityGlobals) = postSolution
		SolutionGuid = {114757F1-2CA9-4778-AA76-2DC19E243261}
	EndGlobalSection
EndGlobal
